
Microsoft Visual Studio Solution File, Format Version 12.00
# Visual Studio Version 17
VisualStudioVersion = 17.14.36414.22
MinimumVisualStudioVersion = 10.0.40219.1
Project("{FAE04EC0-301F-11D3-BF4B-00C04F79EFBC}") = "E_sport_application", "E_sport_application.csproj", "{596BF14C-7DB7-4738-A784-9BFE69618498}"
EndProject
Project("{FAE04EC0-301F-11D3-BF4B-00C04F79EFBC}") = "DataMangment", "..\DataMangment\DataMangment.csproj", "{EF69D548-2AE6-421B-9E39-11A3243EFC7C}"
EndProject
Global
	GlobalSection(SolutionConfigurationPlatforms) = preSolution
		Debug|Any CPU = Debug|Any CPU
		Release|Any CPU = Release|Any CPU
	EndGlobalSection
	GlobalSection(ProjectConfigurationPlatforms) = postSolution
		{596BF14C-7DB7-4738-A784-9BFE69618498}.Debug|Any CPU.ActiveCfg = Debug|Any CPU
		{596BF14C-7DB7-4738-A784-9BFE69618498}.Debug|Any CPU.Build.0 = Debug|Any CPU
		{596BF14C-7DB7-4738-A784-9BFE69618498}.Release|Any CPU.ActiveCfg = Release|Any CPU
		{596BF14C-7DB7-4738-A784-9BFE69618498}.Release|Any CPU.Build.0 = Release|Any CPU
		{EF69D548-2AE6-421B-9E39-11A3243EFC7C}.Debug|Any CPU.ActiveCfg = Debug|Any CPU
		{EF69D548-2AE6-421B-9E39-11A3243EFC7C}.Debug|Any CPU.Build.0 = Debug|Any CPU
		{EF69D548-2AE6-421B-9E39-11A3243EFC7C}.Release|Any CPU.ActiveCfg = Release|Any CPU
		{EF69D548-2AE6-421B-9E39-11A3243EFC7C}.Release|Any CPU.Build.0 = Release|Any CPU
	EndGlobalSection
	GlobalSection(SolutionProperties) = preSolution
		HideSolutionNode = FALSE
	EndGlobalSection
	GlobalSection(ExtensibilityGlobals) = postSolution
		SolutionGuid = {FA58998E-6B03-4649-B51A-984D97CE8C2A}
	EndGlobalSection
EndGlobal
